
Microsoft Visual Studio Solution File, Format Version 11.00
# Visual Studio 2010
Project("{FAE04EC0-301F-11D3-BF4B-00C04F79EFBC}") = "Lab1", "Lab1\Lab1.csproj", "{82BE9B77-59FF-4F18-8ECA-375E0464893D}"
EndProject
Project("{FAE04EC0-301F-11D3-BF4B-00C04F79EFBC}") = "LabLib", "LabLib\LabLib.csproj", "{AA5F5BF2-34F2-46C1-AC2C-C5B5FD2CE050}"
EndProject
Project("{FAE04EC0-301F-11D3-BF4B-00C04F79EFBC}") = "Lab2", "Lab2\Lab2.csproj", "{D71DB590-CE9D-4032-8DBC-0D229FEA9627}"
EndProject
Project("{FAE04EC0-301F-11D3-BF4B-00C04F79EFBC}") = "Lab3", "Lab3\Lab3.csproj", "{53304F86-8D57-48C1-AB0D-8A35F133023C}"
EndProject
Project("{FAE04EC0-301F-11D3-BF4B-00C04F79EFBC}") = "Lab4", "Lab4\Lab4.csproj", "{AD2DC7B3-2510-473F-9E34-0DF84BD8BF04}"
EndProject
Project("{FAE04EC0-301F-11D3-BF4B-00C04F79EFBC}") = "Lab5", "Lab5\Lab5.csproj", "{1688486B-50FF-48D6-B3D5-94C9FEA5C237}"
EndProject
Global
	GlobalSection(SolutionConfigurationPlatforms) = preSolution
		Debug|x86 = Debug|x86
		Release|x86 = Release|x86
	EndGlobalSection
	GlobalSection(ProjectConfigurationPlatforms) = postSolution
		{1688486B-50FF-48D6-B3D5-94C9FEA5C237}.Debug|x86.ActiveCfg = Debug|x86
		{1688486B-50FF-48D6-B3D5-94C9FEA5C237}.Debug|x86.Build.0 = Debug|x86
		{1688486B-50FF-48D6-B3D5-94C9FEA5C237}.Release|x86.ActiveCfg = Release|x86
		{1688486B-50FF-48D6-B3D5-94C9FEA5C237}.Release|x86.Build.0 = Release|x86
		{53304F86-8D57-48C1-AB0D-8A35F133023C}.Debug|x86.ActiveCfg = Debug|x86
		{53304F86-8D57-48C1-AB0D-8A35F133023C}.Debug|x86.Build.0 = Debug|x86
		{53304F86-8D57-48C1-AB0D-8A35F133023C}.Release|x86.ActiveCfg = Release|x86
		{53304F86-8D57-48C1-AB0D-8A35F133023C}.Release|x86.Build.0 = Release|x86
		{82BE9B77-59FF-4F18-8ECA-375E0464893D}.Debug|x86.ActiveCfg = Debug|x86
		{82BE9B77-59FF-4F18-8ECA-375E0464893D}.Debug|x86.Build.0 = Debug|x86
		{82BE9B77-59FF-4F18-8ECA-375E0464893D}.Release|x86.ActiveCfg = Release|x86
		{82BE9B77-59FF-4F18-8ECA-375E0464893D}.Release|x86.Build.0 = Release|x86
		{AA5F5BF2-34F2-46C1-AC2C-C5B5FD2CE050}.Debug|x86.ActiveCfg = Debug|Any CPU
		{AA5F5BF2-34F2-46C1-AC2C-C5B5FD2CE050}.Debug|x86.Build.0 = Debug|Any CPU
		{AA5F5BF2-34F2-46C1-AC2C-C5B5FD2CE050}.Release|x86.ActiveCfg = Release|Any CPU
		{AA5F5BF2-34F2-46C1-AC2C-C5B5FD2CE050}.Release|x86.Build.0 = Release|Any CPU
		{AD2DC7B3-2510-473F-9E34-0DF84BD8BF04}.Debug|x86.ActiveCfg = Debug|x86
		{AD2DC7B3-2510-473F-9E34-0DF84BD8BF04}.Debug|x86.Build.0 = Debug|x86
		{AD2DC7B3-2510-473F-9E34-0DF84BD8BF04}.Release|x86.ActiveCfg = Release|x86
		{AD2DC7B3-2510-473F-9E34-0DF84BD8BF04}.Release|x86.Build.0 = Release|x86
		{D71DB590-CE9D-4032-8DBC-0D229FEA9627}.Debug|x86.ActiveCfg = Debug|x86
		{D71DB590-CE9D-4032-8DBC-0D229FEA9627}.Debug|x86.Build.0 = Debug|x86
		{D71DB590-CE9D-4032-8DBC-0D229FEA9627}.Release|x86.ActiveCfg = Release|x86
		{D71DB590-CE9D-4032-8DBC-0D229FEA9627}.Release|x86.Build.0 = Release|x86
	EndGlobalSection
	GlobalSection(MonoDevelopProperties) = preSolution
		StartupItem = Lab5\Lab5.csproj
	EndGlobalSection
EndGlobal
